
Microsoft Visual Studio Solution File, Format Version 12.00
# Visual Studio Version 17
VisualStudioVersion = 17.3.32929.385
MinimumVisualStudioVersion = 10.0.40219.1
Project("{9A19103F-16F7-4668-BE54-9A1E7A4F7556}") = "IOS.Server", "IOS\Server\IOS.Server.csproj", "{27CD6F3B-FC0B-4AD1-B3AB-8E493B62453F}"
EndProject
Project("{9A19103F-16F7-4668-BE54-9A1E7A4F7556}") = "IOS.Client", "IOS\Client\IOS.Client.csproj", "{E741552B-4724-40E0-91E1-86876DEC5945}"
EndProject
Project("{9A19103F-16F7-4668-BE54-9A1E7A4F7556}") = "IOS.Shared", "IOS\Shared\IOS.Shared.csproj", "{AAD2134C-87B0-4451-95BA-E891B5AB04A5}"
EndProject
Global
	GlobalSection(SolutionConfigurationPlatforms) = preSolution
		Debug|Any CPU = Debug|Any CPU
		Release|Any CPU = Release|Any CPU
	EndGlobalSection
	GlobalSection(ProjectConfigurationPlatforms) = postSolution
		{27CD6F3B-FC0B-4AD1-B3AB-8E493B62453F}.Debug|Any CPU.ActiveCfg = Debug|Any CPU
		{27CD6F3B-FC0B-4AD1-B3AB-8E493B62453F}.Debug|Any CPU.Build.0 = Debug|Any CPU
		{27CD6F3B-FC0B-4AD1-B3AB-8E493B62453F}.Release|Any CPU.ActiveCfg = Release|Any CPU
		{27CD6F3B-FC0B-4AD1-B3AB-8E493B62453F}.Release|Any CPU.Build.0 = Release|Any CPU
		{E741552B-4724-40E0-91E1-86876DEC5945}.Debug|Any CPU.ActiveCfg = Debug|Any CPU
		{E741552B-4724-40E0-91E1-86876DEC5945}.Debug|Any CPU.Build.0 = Debug|Any CPU
		{E741552B-4724-40E0-91E1-86876DEC5945}.Release|Any CPU.ActiveCfg = Release|Any CPU
		{E741552B-4724-40E0-91E1-86876DEC5945}.Release|Any CPU.Build.0 = Release|Any CPU
		{AAD2134C-87B0-4451-95BA-E891B5AB04A5}.Debug|Any CPU.ActiveCfg = Debug|Any CPU
		{AAD2134C-87B0-4451-95BA-E891B5AB04A5}.Debug|Any CPU.Build.0 = Debug|Any CPU
		{AAD2134C-87B0-4451-95BA-E891B5AB04A5}.Release|Any CPU.ActiveCfg = Release|Any CPU
		{AAD2134C-87B0-4451-95BA-E891B5AB04A5}.Release|Any CPU.Build.0 = Release|Any CPU
	EndGlobalSection
	GlobalSection(SolutionProperties) = preSolution
		HideSolutionNode = FALSE
	EndGlobalSection
	GlobalSection(ExtensibilityGlobals) = postSolution
		SolutionGuid = {21475F24-0C52-402C-BA5A-C76C27B25298}
	EndGlobalSection
EndGlobal
